{
  "name": "we-chat-frontend",
  "version": "1.0.0",
  "lockfileVersion": 1,
  "requires": true,
  "dependencies": {
    "actioncable": {
      "version": "5.2.1-1",
      "resolved": "https://registry.npmjs.org/actioncable/-/actioncable-5.2.1-1.tgz",
      "integrity": "sha1-8n+zhoKFANx//kCnj9owa6jucao="
    }
  }
}
